Microsoft Visual Studio Solution File, Format Version 12.00
# Visual Studio Version 17
VisualStudioVersion = 17.5.2.0
MinimumVisualStudioVersion = 10.0.40219.1
Project("{FAE04EC0-301F-11D3-BF4B-00C04F79EFBC}") = "ItemTradeApp", "ItemTradeApp\ItemTradeApp.csproj", "{65FC3028-43B2-44C6-ABF6-EFFCF5B937D9}"
EndProject
Project("{FAE04EC0-301F-11D3-BF4B-00C04F79EFBC}") = "ItemTradeApp.UnitTests", "ItemTradeApp.UnitTests\ItemTradeApp.UnitTests.csproj", "{A49AEFAA-9552-4207-B657-F2E0A975E050}"
EndProject
Global
	GlobalSection(SolutionProperties) = preSolution
		HideSolutionNode = FALSE
	EndGlobalSection
	GlobalSection(ExtensibilityGlobals) = postSolution
		SolutionGuid = {6C81EFDF-1E86-424E-9539-165AB8D1E484}
	EndGlobalSection
	GlobalSection(SolutionConfigurationPlatforms) = preSolution
		Debug|Any CPU = Debug|Any CPU
		Debug|x64 = Debug|x64
		Debug|x86 = Debug|x86
		Release|Any CPU = Release|Any CPU
		Release|x64 = Release|x64
		Release|x86 = Release|x86
	EndGlobalSection
	GlobalSection(ProjectConfigurationPlatforms) = postSolution
		{65FC3028-43B2-44C6-ABF6-EFFCF5B937D9}.Debug|Any CPU.ActiveCfg = Debug|Any CPU
		{65FC3028-43B2-44C6-ABF6-EFFCF5B937D9}.Debug|Any CPU.Build.0 = Debug|Any CPU
		{65FC3028-43B2-44C6-ABF6-EFFCF5B937D9}.Debug|x64.ActiveCfg = Debug|Any CPU
		{65FC3028-43B2-44C6-ABF6-EFFCF5B937D9}.Debug|x64.Build.0 = Debug|Any CPU
		{65FC3028-43B2-44C6-ABF6-EFFCF5B937D9}.Debug|x86.ActiveCfg = Debug|Any CPU
		{65FC3028-43B2-44C6-ABF6-EFFCF5B937D9}.Debug|x86.Build.0 = Debug|Any CPU
		{65FC3028-43B2-44C6-ABF6-EFFCF5B937D9}.Release|Any CPU.ActiveCfg = Release|Any CPU
		{65FC3028-43B2-44C6-ABF6-EFFCF5B937D9}.Release|Any CPU.Build.0 = Release|Any CPU
		{65FC3028-43B2-44C6-ABF6-EFFCF5B937D9}.Release|x64.ActiveCfg = Release|Any CPU
		{65FC3028-43B2-44C6-ABF6-EFFCF5B937D9}.Release|x64.Build.0 = Release|Any CPU
		{65FC3028-43B2-44C6-ABF6-EFFCF5B937D9}.Release|x86.ActiveCfg = Release|Any CPU
		{65FC3028-43B2-44C6-ABF6-EFFCF5B937D9}.Release|x86.Build.0 = Release|Any CPU
		{A49AEFAA-9552-4207-B657-F2E0A975E050}.Debug|Any CPU.ActiveCfg = Debug|Any CPU
		{A49AEFAA-9552-4207-B657-F2E0A975E050}.Debug|Any CPU.Build.0 = Debug|Any CPU
		{A49AEFAA-9552-4207-B657-F2E0A975E050}.Debug|x64.ActiveCfg = Debug|Any CPU
		{A49AEFAA-9552-4207-B657-F2E0A975E050}.Debug|x64.Build.0 = Debug|Any CPU
		{A49AEFAA-9552-4207-B657-F2E0A975E050}.Debug|x86.ActiveCfg = Debug|Any CPU
		{A49AEFAA-9552-4207-B657-F2E0A975E050}.Debug|x86.Build.0 = Debug|Any CPU
		{A49AEFAA-9552-4207-B657-F2E0A975E050}.Release|Any CPU.ActiveCfg = Release|Any CPU
		{A49AEFAA-9552-4207-B657-F2E0A975E050}.Release|Any CPU.Build.0 = Release|Any CPU
		{A49AEFAA-9552-4207-B657-F2E0A975E050}.Release|x64.ActiveCfg = Release|Any CPU
		{A49AEFAA-9552-4207-B657-F2E0A975E050}.Release|x64.Build.0 = Release|Any CPU
		{A49AEFAA-9552-4207-B657-F2E0A975E050}.Release|x86.ActiveCfg = Release|Any CPU
		{A49AEFAA-9552-4207-B657-F2E0A975E050}.Release|x86.Build.0 = Release|Any CPU
	EndGlobalSection
EndGlobal
